
Microsoft Visual Studio Solution File, Format Version 12.00
# Visual Studio Version 17
VisualStudioVersion = 17.3.32922.545
MinimumVisualStudioVersion = 10.0.40219.1
Project("{9A19103F-16F7-4668-BE54-9A1E7A4F7556}") = "Shopnanny", "Shopnanny\Shopnanny.csproj", "{3320B79E-A58A-4ADD-9AE4-C3D029E35DDF}"
EndProject
Project("{9A19103F-16F7-4668-BE54-9A1E7A4F7556}") = "Shopnanny.Core", "Shopnanny.Core\Shopnanny.Core.csproj", "{30C58552-DEA0-4652-BC5F-859C7D402D79}"
EndProject
Project("{9A19103F-16F7-4668-BE54-9A1E7A4F7556}") = "Shopnanny.Infrastructure", "Shopnanny.Infrastructure\Shopnanny.Infrastructure.csproj", "{42DA9FFC-F690-4F5C-8044-F183423A8B1B}"
EndProject
Global
	GlobalSection(SolutionConfigurationPlatforms) = preSolution
		Debug|Any CPU = Debug|Any CPU
		Release|Any CPU = Release|Any CPU
	EndGlobalSection
	GlobalSection(ProjectConfigurationPlatforms) = postSolution
		{3320B79E-A58A-4ADD-9AE4-C3D029E35DDF}.Debug|Any CPU.ActiveCfg = Debug|Any CPU
		{3320B79E-A58A-4ADD-9AE4-C3D029E35DDF}.Debug|Any CPU.Build.0 = Debug|Any CPU
		{3320B79E-A58A-4ADD-9AE4-C3D029E35DDF}.Release|Any CPU.ActiveCfg = Release|Any CPU
		{3320B79E-A58A-4ADD-9AE4-C3D029E35DDF}.Release|Any CPU.Build.0 = Release|Any CPU
		{30C58552-DEA0-4652-BC5F-859C7D402D79}.Debug|Any CPU.ActiveCfg = Debug|Any CPU
		{30C58552-DEA0-4652-BC5F-859C7D402D79}.Debug|Any CPU.Build.0 = Debug|Any CPU
		{30C58552-DEA0-4652-BC5F-859C7D402D79}.Release|Any CPU.ActiveCfg = Release|Any CPU
		{30C58552-DEA0-4652-BC5F-859C7D402D79}.Release|Any CPU.Build.0 = Release|Any CPU
		{42DA9FFC-F690-4F5C-8044-F183423A8B1B}.Debug|Any CPU.ActiveCfg = Debug|Any CPU
		{42DA9FFC-F690-4F5C-8044-F183423A8B1B}.Debug|Any CPU.Build.0 = Debug|Any CPU
		{42DA9FFC-F690-4F5C-8044-F183423A8B1B}.Release|Any CPU.ActiveCfg = Release|Any CPU
		{42DA9FFC-F690-4F5C-8044-F183423A8B1B}.Release|Any CPU.Build.0 = Release|Any CPU
	EndGlobalSection
	GlobalSection(SolutionProperties) = preSolution
		HideSolutionNode = FALSE
	EndGlobalSection
	GlobalSection(ExtensibilityGlobals) = postSolution
		SolutionGuid = {4F4E8F71-52E0-4DAD-92A6-996231DD4C2D}
	EndGlobalSection
EndGlobal
